dependencies:
- name: cassandra
  repository: https://charts.bitnami.com/bitnami
  version: 7.0.0
- name: postgresql
  repository: https://charts.bitnami.com/bitnami
  version: 10.2.1
- name: minio
  repository: https://helm.min.io/
  version: 6.3.1
- name: grafana
  repository: https://charts.bitnami.com/bitnami
  version: 5.0.1
- name: kafka
  repository: https://charts.bitnami.com/bitnami
  version: 1.3.0
digest: sha256:fbaf8530af116b8b45a3ed9ca736af010104b8a15fd8bef3ad94872c2eb03993
generated: "2022-04-25T17:12:43.143128-05:00"
