dependencies:
- name: cassandra
  repository: https://charts.bitnami.com/bitnami
  version: 9.1.0
- name: postgresql
  repository: https://charts.bitnami.com/bitnami
  version: 11.9.1
- name: minio
  repository: https://charts.bitnami.com/bitnami
  version: 11.10.0
- name: grafana
  repository: https://charts.bitnami.com/bitnami
  version: 8.2.0
- name: kafka
  repository: https://charts.bitnami.com/bitnami
  version: 19.0.0
digest: sha256:023fc4361e4be69898029ccbab5bfc57ffb3da26c59919965ff75d2b3e7bbec6
generated: "2022-10-26T12:18:56.381006133-05:00"
